{
  "version": 4,
  "terraform_version": "0.12.26",
  "serial": 83,
  "lineage": "8a31f01a-67ca-3c39-55bf-5f651c2402be",
  "outputs": {
    "ip": {
      "value": "34.82.53.44",
      "type": "string"
    }
  },
  "resources": [
    {
      "mode": "data",
      "type": "template_file",
      "name": "default",
      "provider": "provider.template",
      "instances": [
        {
          "schema_version": 0,
          "attributes": {
            "filename": null,
            "id": "3560626ca3b5292c473984408c760a921a6ddf40fb41879e91675f39cd84d724",
            "rendered": "from flask import Flask\napp = Flask(__name__)\n\n@app.route('/')\ndef hello_cloud():\n   return 'Hello Cloud!'\n\napp.run(host='0.0.0.0')\n",
            "template": "from flask import Flask\napp = Flask(__name__)\n\n@app.route('/')\ndef hello_cloud():\n   return 'Hello Cloud!'\n\napp.run(host='0.0.0.0')\n",
            "vars": null
          }
        }
      ]
    },
    {
      "mode": "managed",
      "type": "google_compute_firewall",
      "name": "default",
      "provider": "provider.google",
      "instances": [
        {
          "schema_version": 1,
          "attributes": {
            "allow": [
              {
                "ports": [
                  "5000"
                ],
                "protocol": "tcp"
              }
            ],
            "creation_timestamp": "2020-06-16T22:00:43.927-07:00",
            "deny": [],
            "description": "",
            "destination_ranges": [],
            "direction": "INGRESS",
            "disabled": false,
            "enable_logging": false,
            "id": "projects/optical-pillar-279806/global/firewalls/flask-app-firewall",
            "name": "flask-app-firewall",
            "network": "https://www.googleapis.com/compute/v1/projects/optical-pillar-279806/global/networks/default",
            "priority": 1000,
            "project": "optical-pillar-279806",
            "self_link": "https://www.googleapis.com/compute/v1/projects/optical-pillar-279806/global/firewalls/flask-app-firewall",
            "source_ranges": [
              "0.0.0.0/0"
            ],
            "source_service_accounts": null,
            "source_tags": null,
            "target_service_accounts": null,
            "target_tags": null,
            "timeouts": null
          },
          "private": "eyJlMmJmYjczMC1lY2FhLTExZTYtOGY4OC0zNDM2M2JjN2M0YzAiOnsiY3JlYXRlIjoyNDAwMDAwMDAwMDAsImRlbGV0ZSI6MjQwMDAwMDAwMDAwLCJ1cGRhdGUiOjI0MDAwMDAwMDAwMH0sInNjaGVtYV92ZXJzaW9uIjoiMSJ9"
        }
      ]
    },
    {
      "mode": "managed",
      "type": "google_compute_instance",
      "name": "default",
      "provider": "provider.google",
      "instances": [
        {
          "schema_version": 6,
          "attributes": {
            "allow_stopping_for_update": null,
            "attached_disk": [],
            "boot_disk": [
              {
                "auto_delete": true,
                "device_name": "persistent-disk-0",
                "disk_encryption_key_raw": "",
                "disk_encryption_key_sha256": "",
                "initialize_params": [
                  {
                    "image": "https://www.googleapis.com/compute/v1/projects/debian-cloud/global/images/debian-9-stretch-v20200521",
                    "labels": {},
                    "size": 10,
                    "type": "pd-standard"
                  }
                ],
                "kms_key_self_link": "",
                "mode": "READ_WRITE",
                "source": "https://www.googleapis.com/compute/v1/projects/optical-pillar-279806/zones/us-west1-a/disks/flask-vm"
              }
            ],
            "can_ip_forward": false,
            "cpu_platform": "Intel Broadwell",
            "current_status": "RUNNING",
            "deletion_protection": false,
            "description": "",
            "desired_status": null,
            "enable_display": false,
            "guest_accelerator": [],
            "hostname": "",
            "id": "projects/optical-pillar-279806/zones/us-west1-a/instances/flask-vm",
            "instance_id": "3038072512278961554",
            "label_fingerprint": "42WmSpB8rSM=",
            "labels": null,
            "machine_type": "f1-micro",
            "metadata": {
              "ssh-keys": "raymond:ssh-rsa AAAAB3NzaC1yc2EAAAADAQABAAABAQCn9va9Zww/0e0bXXew0xYV9Cwd6vDFmswHMO5m/l6rtvimvWmyg2zmUl/M8Odv3va53UOfA72HuWYtp+6vjR7amklMwGQw5IUacRWEwPFTfSyYWxUAqYne0IcNYa9maQR9i6PZhUhcIHKQ2y2mt1DpDgx7OfX4dF6JdQgGFUVI0MqBfAO1D2fL0Nd5nMhRoV0grfNSCYWiCWIZT5icTBAHl2+LBJbPTQq4XWgMqihAA/t0TAW6TN8d2euVZEATUiSrWgt2AZvQfQS8nScgwPO5LpxGdEyxeHY0/iApXBLpyv+bA7RygONodcsvKrAKGQJ7T6vzeQYxAEKcsHWEIj1Z raymond@localhost.localdomain\n"
            },
            "metadata_fingerprint": "vEqvCiAoi58=",
            "metadata_startup_script": "sudo apt-get update; sudo apt-get install -yq build-essential python-pip rsync; pip install flask; python /home/raymond/app.py;}",
            "min_cpu_platform": "",
            "name": "flask-vm",
            "network_interface": [
              {
                "access_config": [
                  {
                    "nat_ip": "34.82.53.44",
                    "network_tier": "PREMIUM",
                    "public_ptr_domain_name": ""
                  }
                ],
                "alias_ip_range": [],
                "name": "nic0",
                "network": "https://www.googleapis.com/compute/v1/projects/optical-pillar-279806/global/networks/default",
                "network_ip": "10.138.0.9",
                "subnetwork": "https://www.googleapis.com/compute/v1/projects/optical-pillar-279806/regions/us-west1/subnetworks/default",
                "subnetwork_project": "optical-pillar-279806"
              }
            ],
            "project": "optical-pillar-279806",
            "resource_policies": null,
            "scheduling": [
              {
                "automatic_restart": true,
                "node_affinities": [],
                "on_host_maintenance": "MIGRATE",
                "preemptible": false
              }
            ],
            "scratch_disk": [],
            "self_link": "https://www.googleapis.com/compute/v1/projects/optical-pillar-279806/zones/us-west1-a/instances/flask-vm",
            "service_account": [],
            "shielded_instance_config": [],
            "tags": null,
            "tags_fingerprint": "42WmSpB8rSM=",
            "timeouts": null,
            "zone": "us-west1-a"
          },
          "private": "eyJlMmJmYjczMC1lY2FhLTExZTYtOGY4OC0zNDM2M2JjN2M0YzAiOnsiY3JlYXRlIjoxMjAwMDAwMDAwMDAwLCJkZWxldGUiOjEyMDAwMDAwMDAwMDAsInVwZGF0ZSI6MTIwMDAwMDAwMDAwMH0sInNjaGVtYV92ZXJzaW9uIjoiNiJ9"
        }
      ]
    },
    {
      "mode": "managed",
      "type": "google_compute_network",
      "name": "vpc_network",
      "provider": "provider.google",
      "instances": [
        {
          "schema_version": 0,
          "attributes": {
            "auto_create_subnetworks": true,
            "delete_default_routes_on_create": false,
            "description": "",
            "gateway_ipv4": "",
            "id": "projects/optical-pillar-279806/global/networks/terraform-network",
            "ipv4_range": null,
            "name": "terraform-network",
            "project": "optical-pillar-279806",
            "routing_mode": "REGIONAL",
            "self_link": "https://www.googleapis.com/compute/v1/projects/optical-pillar-279806/global/networks/terraform-network",
            "timeouts": null
          },
          "private": "eyJlMmJmYjczMC1lY2FhLTExZTYtOGY4OC0zNDM2M2JjN2M0YzAiOnsiY3JlYXRlIjoyNDAwMDAwMDAwMDAsImRlbGV0ZSI6MjQwMDAwMDAwMDAwLCJ1cGRhdGUiOjI0MDAwMDAwMDAwMH19"
        }
      ]
    },
    {
      "mode": "managed",
      "type": "local_file",
      "name": "app",
      "provider": "provider.local",
      "instances": [
        {
          "schema_version": 0,
          "attributes": {
            "content": "from flask import Flask\napp = Flask(__name__)\n\n@app.route('/')\ndef hello_cloud():\n   return 'Hello Cloud!'\n\napp.run(host='0.0.0.0')\n",
            "content_base64": null,
            "directory_permission": "0777",
            "file_permission": "0777",
            "filename": "/home/raymond/app.py",
            "id": "bad91f34e0849f57661119490be18f3e470b4b52",
            "sensitive_content": null
          },
          "private": "bnVsbA=="
        }
      ]
    }
  ]
}
